
Microsoft Visual Studio Solution File, Format Version 12.00
# Visual Studio Version 16
VisualStudioVersion = 16.0.29709.97
MinimumVisualStudioVersion = 10.0.40219.1
Project("{FAE04EC0-301F-11D3-BF4B-00C04F79EFBC}") = "Generics_3", "Generics_3\Generics_3.csproj", "{894C6C56-E914-4B02-827E-ADA55E061188}"
EndProject
Global
	GlobalSection(SolutionConfigurationPlatforms) = preSolution
		Debug|Any CPU = Debug|Any CPU
		Release|Any CPU = Release|Any CPU
	EndGlobalSection
	GlobalSection(ProjectConfigurationPlatforms) = postSolution
		{894C6C56-E914-4B02-827E-ADA55E061188}.Debug|Any CPU.ActiveCfg = Debug|Any CPU
		{894C6C56-E914-4B02-827E-ADA55E061188}.Debug|Any CPU.Build.0 = Debug|Any CPU
		{894C6C56-E914-4B02-827E-ADA55E061188}.Release|Any CPU.ActiveCfg = Release|Any CPU
		{894C6C56-E914-4B02-827E-ADA55E061188}.Release|Any CPU.Build.0 = Release|Any CPU
	EndGlobalSection
	GlobalSection(SolutionProperties) = preSolution
		HideSolutionNode = FALSE
	EndGlobalSection
	GlobalSection(ExtensibilityGlobals) = postSolution
		SolutionGuid = {DE0AD067-6389-4830-8D2A-DABD217ED0D2}
	EndGlobalSection
EndGlobal
