
Microsoft Visual Studio Solution File, Format Version 12.00
# Visual Studio Version 16
VisualStudioVersion = 16.0.29709.97
MinimumVisualStudioVersion = 10.0.40219.1
Project("{FAE04EC0-301F-11D3-BF4B-00C04F79EFBC}") = "Generics_4", "Generics_4\Generics_4.csproj", "{0360C47A-4859-4DA7-B334-37F809E90179}"
EndProject
Global
	GlobalSection(SolutionConfigurationPlatforms) = preSolution
		Debug|Any CPU = Debug|Any CPU
		Release|Any CPU = Release|Any CPU
	EndGlobalSection
	GlobalSection(ProjectConfigurationPlatforms) = postSolution
		{0360C47A-4859-4DA7-B334-37F809E90179}.Debug|Any CPU.ActiveCfg = Debug|Any CPU
		{0360C47A-4859-4DA7-B334-37F809E90179}.Debug|Any CPU.Build.0 = Debug|Any CPU
		{0360C47A-4859-4DA7-B334-37F809E90179}.Release|Any CPU.ActiveCfg = Release|Any CPU
		{0360C47A-4859-4DA7-B334-37F809E90179}.Release|Any CPU.Build.0 = Release|Any CPU
	EndGlobalSection
	GlobalSection(SolutionProperties) = preSolution
		HideSolutionNode = FALSE
	EndGlobalSection
	GlobalSection(ExtensibilityGlobals) = postSolution
		SolutionGuid = {9C75A263-0307-4915-A786-E80E8C0C02FC}
	EndGlobalSection
EndGlobal
